
Microsoft Visual Studio Solution File, Format Version 12.00
# Visual Studio Version 17
VisualStudioVersion = 17.2.32210.308
MinimumVisualStudioVersion = 10.0.40219.1
Project("{FAE04EC0-301F-11D3-BF4B-00C04F79EFBC}") = "TestTask", "TestTask\TestTask.csproj", "{6502A022-2ABD-4DC8-9887-60A9F9DD90F9}"
EndProject
Global
	GlobalSection(SolutionConfigurationPlatforms) = preSolution
		Debug|Any CPU = Debug|Any CPU
		Release|Any CPU = Release|Any CPU
	EndGlobalSection
	GlobalSection(ProjectConfigurationPlatforms) = postSolution
		{6502A022-2ABD-4DC8-9887-60A9F9DD90F9}.Debug|Any CPU.ActiveCfg = Debug|Any CPU
		{6502A022-2ABD-4DC8-9887-60A9F9DD90F9}.Debug|Any CPU.Build.0 = Debug|Any CPU
		{6502A022-2ABD-4DC8-9887-60A9F9DD90F9}.Release|Any CPU.ActiveCfg = Release|Any CPU
		{6502A022-2ABD-4DC8-9887-60A9F9DD90F9}.Release|Any CPU.Build.0 = Release|Any CPU
	EndGlobalSection
	GlobalSection(SolutionProperties) = preSolution
		HideSolutionNode = FALSE
	EndGlobalSection
	GlobalSection(ExtensibilityGlobals) = postSolution
		SolutionGuid = {CFC53FC6-15D2-40F8-A5D0-EA4908EBC908}
	EndGlobalSection
EndGlobal
